
Microsoft Visual Studio Solution File, Format Version 12.00
# Visual Studio Version 17
VisualStudioVersion = 17.3.32811.315
MinimumVisualStudioVersion = 10.0.40219.1
Project("{FAE04EC0-301F-11D3-BF4B-00C04F79EFBC}") = "webapi", "webapi.csproj", "{363A2DEA-83B2-4E2C-B673-8D4BE512CD3A}"
EndProject
Global
	GlobalSection(SolutionConfigurationPlatforms) = preSolution
		Debug|Any CPU = Debug|Any CPU
		Release|Any CPU = Release|Any CPU
	EndGlobalSection
	GlobalSection(ProjectConfigurationPlatforms) = postSolution
		{363A2DEA-83B2-4E2C-B673-8D4BE512CD3A}.Debug|Any CPU.ActiveCfg = Debug|Any CPU
		{363A2DEA-83B2-4E2C-B673-8D4BE512CD3A}.Debug|Any CPU.Build.0 = Debug|Any CPU
		{363A2DEA-83B2-4E2C-B673-8D4BE512CD3A}.Release|Any CPU.ActiveCfg = Release|Any CPU
		{363A2DEA-83B2-4E2C-B673-8D4BE512CD3A}.Release|Any CPU.Build.0 = Release|Any CPU
	EndGlobalSection
	GlobalSection(SolutionProperties) = preSolution
		HideSolutionNode = FALSE
	EndGlobalSection
	GlobalSection(ExtensibilityGlobals) = postSolution
		SolutionGuid = {CB78B3F4-1EEA-46C4-A26F-8D88685ED12B}
	EndGlobalSection
EndGlobal
